
Microsoft Visual Studio Solution File, Format Version 12.00
# Visual Studio Express 2013 for Windows Desktop
VisualStudioVersion = 12.0.40629.0
MinimumVisualStudioVersion = 10.0.40219.1
Project("{8BC9CEB8-8B4A-11D0-8D11-00A0C91BC942}") = "libCommon", "libCommon\libCommon.vcxproj", "{4D107B5C-2707-4C09-AF80-B11F0A17931F}"
EndProject
Project("{8BC9CEB8-8B4A-11D0-8D11-00A0C91BC942}") = "gnsInterface", "gnsInterface\gnsInterface.vcxproj", "{4136E1F0-3BFB-4F37-B46E-32A95C1233D1}"
EndProject
Project("{8BC9CEB8-8B4A-11D0-8D11-00A0C91BC942}") = "gnsTest1", "gnsTest1\gnsTest1.vcxproj", "{FAAC69AD-FC3C-3A28-B854-8627368EB0D2}"
EndProject
Project("{8BC9CEB8-8B4A-11D0-8D11-00A0C91BC942}") = "libGnsProxy", "libGnsProxy\libGnsProxy.vcxproj", "{392D54F6-46C7-4115-8C84-448507A9426A}"
EndProject
Project("{8BC9CEB8-8B4A-11D0-8D11-00A0C91BC942}") = "gnsPlugin", "gnsPlugin\gnsPlugin.vcxproj", "{C6C628AB-2238-425B-A35C-22DB0D0E52CB}"
EndProject
Global
	GlobalSection(SolutionConfigurationPlatforms) = preSolution
		Debug|Win32 = Debug|Win32
		Release|Win32 = Release|Win32
	EndGlobalSection
	GlobalSection(ProjectConfigurationPlatforms) = postSolution
		{4D107B5C-2707-4C09-AF80-B11F0A17931F}.Debug|Win32.ActiveCfg = Debug|Win32
		{4D107B5C-2707-4C09-AF80-B11F0A17931F}.Debug|Win32.Build.0 = Debug|Win32
		{4D107B5C-2707-4C09-AF80-B11F0A17931F}.Release|Win32.ActiveCfg = Release|Win32
		{4D107B5C-2707-4C09-AF80-B11F0A17931F}.Release|Win32.Build.0 = Release|Win32
		{4136E1F0-3BFB-4F37-B46E-32A95C1233D1}.Debug|Win32.ActiveCfg = Debug|Win32
		{4136E1F0-3BFB-4F37-B46E-32A95C1233D1}.Debug|Win32.Build.0 = Debug|Win32
		{4136E1F0-3BFB-4F37-B46E-32A95C1233D1}.Release|Win32.ActiveCfg = Release|Win32
		{4136E1F0-3BFB-4F37-B46E-32A95C1233D1}.Release|Win32.Build.0 = Release|Win32
		{FAAC69AD-FC3C-3A28-B854-8627368EB0D2}.Debug|Win32.ActiveCfg = Debug|Win32
		{FAAC69AD-FC3C-3A28-B854-8627368EB0D2}.Debug|Win32.Build.0 = Debug|Win32
		{FAAC69AD-FC3C-3A28-B854-8627368EB0D2}.Release|Win32.ActiveCfg = Release|Win32
		{FAAC69AD-FC3C-3A28-B854-8627368EB0D2}.Release|Win32.Build.0 = Release|Win32
		{392D54F6-46C7-4115-8C84-448507A9426A}.Debug|Win32.ActiveCfg = Debug|Win32
		{392D54F6-46C7-4115-8C84-448507A9426A}.Debug|Win32.Build.0 = Debug|Win32
		{392D54F6-46C7-4115-8C84-448507A9426A}.Release|Win32.ActiveCfg = Release|Win32
		{392D54F6-46C7-4115-8C84-448507A9426A}.Release|Win32.Build.0 = Release|Win32
		{C6C628AB-2238-425B-A35C-22DB0D0E52CB}.Debug|Win32.ActiveCfg = Debug|Win32
		{C6C628AB-2238-425B-A35C-22DB0D0E52CB}.Debug|Win32.Build.0 = Debug|Win32
		{C6C628AB-2238-425B-A35C-22DB0D0E52CB}.Release|Win32.ActiveCfg = Release|Win32
		{C6C628AB-2238-425B-A35C-22DB0D0E52CB}.Release|Win32.Build.0 = Release|Win32
	EndGlobalSection
	GlobalSection(SolutionProperties) = preSolution
		HideSolutionNode = FALSE
	EndGlobalSection
	GlobalSection(ExtensibilityGlobals) = postSolution
		VisualSVNWorkingCopyRoot = .
	EndGlobalSection
EndGlobal
